speakeasyVersion: 1.796.4
sources:
    Arena Core Server:
        sourceNamespace: arena-core-server
        sourceRevisionDigest: sha256:6c6b740e78d53c93fb17dac7a639fa3f732510eb3fb5a6f15246044db1a494e1
        sourceBlobDigest: sha256:b400c77395f2cc37f6b704af51a6214dba661528891511712e2d68c5e4a84861
        tags:
            - latest
            - latest
    arena-api-spec:
        sourceNamespace: arena-api
        sourceRevisionDigest: sha256:30606cea73a4f3da2a304d15934d1c12b32763f0b966cf6a058f8d378299ca40
        sourceBlobDigest: sha256:c1de1e523061379570863c806ae91c6ddd42f19ca6251e9159d16c84ef1e2312
        tags:
            - latest
            - latest
targets:
    arena:
        source: arena-api
        codeSamplesNamespace: arena-api-typescript-code-samples
        codeSamplesRevisionDigest: sha256:ce831ac1f38982451de8324c1f7f22a47508b7646765e827ef24f2cd3d0ed5dd
workflow:
    workflowVersion: 1.0.0
    speakeasyVersion: latest
    sources:
        arena-api:
            inputs:
                - location: registry.speakeasyapi.dev/authlete/sdk-workspace/arena-api
            overlays:
                - location: ./overlays/method-naming.yaml
            output: .speakeasy/out.openapi.yaml
        arena-api-spec:
            inputs:
                - location: ./openapi.yaml
            registry:
                location: registry.speakeasyapi.dev/authlete/sdk-workspace/arena-api
    targets:
        arena:
            target: typescript
            source: arena-api
            publish:
                npm:
                    token: $npm_token
            codeSamples:
                registry:
                    location: registry.speakeasyapi.dev/authlete/sdk-workspace/arena-api-typescript-code-samples
                labelOverride:
                    fixedValue: Typescript (SDK)
                blocking: false
