speakeasyVersion: 1.796.4
sources:
    Arena Core Server:
        sourceNamespace: arena-core-server
        sourceRevisionDigest: sha256:6c6b740e78d53c93fb17dac7a639fa3f732510eb3fb5a6f15246044db1a494e1
        sourceBlobDigest: sha256:b400c77395f2cc37f6b704af51a6214dba661528891511712e2d68c5e4a84861
        tags:
            - latest
            - latest
targets:
    arena:
        source: arena-api
        codeSamplesNamespace: arena-api-typescript-code-samples
        codeSamplesRevisionDigest: sha256:d50664b2df29d28ee1c81a669ffc4815fa60783d1b5f2307d7a3693b8ce9096d
workflow:
    workflowVersion: 1.0.0
    speakeasyVersion: latest
    sources:
        arena-api:
            inputs:
                - location: registry.speakeasyapi.dev/authlete/sdk-workspace/arena-api
            overlays:
                - location: ./overlays/method-naming.yaml
            output: .speakeasy/out.openapi.yaml
    targets:
        arena:
            target: typescript
            source: arena-api
            codeSamples:
                registry:
                    location: registry.speakeasyapi.dev/authlete/sdk-workspace/arena-api-typescript-code-samples
                labelOverride:
                    fixedValue: Typescript (SDK)
                blocking: false
